<?xml version="1.0" encoding="utf-8"?>
<Project ToolsVersion="4.0" xmlns="http://schemas.microsoft.com/developer/msbuild/2003">
  <ItemGroup>
    <Filter Include="リソース ファイル">
      <UniqueIdentifier>{67DA6AB6-F800-4c08-8B7A-83BB121AAD01}</UniqueIdentifier>
      <Extensions>rc;ico;cur;bmp;dlg;rc2;rct;bin;rgs;gif;jpg;jpeg;jpe;resx;tiff;tif;png;wav;mfcribbon-ms</Extensions>
    </Filter>
    <Filter Include="game">
      <UniqueIdentifier>{78b906c0-9b25-49d8-99cf-802f5d96fc30}</UniqueIdentifier>
    </Filter>
    <Filter Include="imgui">
      <UniqueIdentifier>{511b57bf-8aaf-416c-b6dd-2d2913466f29}</UniqueIdentifier>
    </Filter>
    <Filter Include="Input">
      <UniqueIdentifier>{3b45a4a9-daac-4752-a248-e9603a4651d6}</UniqueIdentifier>
    </Filter>
    <Filter Include="Input\ヘッダー ファイル">
      <UniqueIdentifier>{4c2afc9b-ddeb-49b8-9ebc-5b059df15bc0}</UniqueIdentifier>
    </Filter>
    <Filter Include="Input\ソース ファイル">
      <UniqueIdentifier>{1a245207-ed1a-4b55-8cc8-c05f84798ce4}</UniqueIdentifier>
    </Filter>
    <Filter Include="mode">
      <UniqueIdentifier>{736a70bd-91eb-4f20-9b11-31be9b84e0f1}</UniqueIdentifier>
    </Filter>
    <Filter Include="imgui\外部からのファイル">
      <UniqueIdentifier>{2b6ffd36-3bf3-4554-98b0-a8e4d7b8d560}</UniqueIdentifier>
    </Filter>
    <Filter Include="game\GameScene">
      <UniqueIdentifier>{aa66977f-2208-4cb3-98d6-ae87fe416ff2}</UniqueIdentifier>
    </Filter>
    <Filter Include="game\GameScene\effect">
      <UniqueIdentifier>{9351622b-1816-43a1-891e-8c1c3bd2cb10}</UniqueIdentifier>
    </Filter>
    <Filter Include="game\GameScene\Character">
      <UniqueIdentifier>{457edea2-33a9-4ca1-a0aa-afe3e6da67d4}</UniqueIdentifier>
    </Filter>
    <Filter Include="game\GameScene\Number">
      <UniqueIdentifier>{d191fc3b-f95b-4bfb-aa16-06ca2c3faf1e}</UniqueIdentifier>
    </Filter>
    <Filter Include="scene">
      <UniqueIdentifier>{1a9c251a-cdeb-47eb-bbd5-c4c51f5a1fb3}</UniqueIdentifier>
    </Filter>
    <Filter Include="scene\polygon">
      <UniqueIdentifier>{b7cd25d9-ef6b-4a34-acb3-db55a8df603b}</UniqueIdentifier>
    </Filter>
    <Filter Include="scene\polygon\ソースファイル">
      <UniqueIdentifier>{76073943-a4fd-4478-b38e-a5089a06951d}</UniqueIdentifier>
    </Filter>
    <Filter Include="scene\polygon\ヘッダーファイル">
      <UniqueIdentifier>{5efb7ba9-5b10-48a2-862d-2584e698664d}</UniqueIdentifier>
    </Filter>
    <Filter Include="main">
      <UniqueIdentifier>{977f25e8-fba3-45ba-bfdd-4a62228edbbf}</UniqueIdentifier>
    </Filter>
    <Filter Include="main\system">
      <UniqueIdentifier>{076df8a9-eea5-4693-a331-d4fc8d7bf6b7}</UniqueIdentifier>
    </Filter>
    <Filter Include="main\system\ソース ファイル">
      <UniqueIdentifier>{4FC737F1-C7A5-4376-A066-2A32D752A2FF}</UniqueIdentifier>
      <Extensions>cpp;c;cc;cxx;def;odl;idl;hpj;bat;asm;asmx</Extensions>
    </Filter>
    <Filter Include="main\system\ヘッダー ファイル">
      <UniqueIdentifier>{93995380-89BD-4b04-88EB-625FBE52EBFB}</UniqueIdentifier>
      <Extensions>h;hh;hpp;hxx;hm;inl;inc;xsd</Extensions>
    </Filter>
  </ItemGroup>
  <ItemGroup>
    <ClCompile Include="renderer.cpp">
      <Filter>main\system\ソース ファイル</Filter>
    </ClCompile>
    <ClCompile Include="manager.cpp">
      <Filter>main\system\ソース ファイル</Filter>
    </ClCompile>
    <ClCompile Include="keyinput.cpp">
      <Filter>Input\ソース ファイル</Filter>
    </ClCompile>
    <ClCompile Include="Xinput.cpp">
      <Filter>Input\ソース ファイル</Filter>
    </ClCompile>
    <ClCompile Include="Dinput.cpp">
      <Filter>Input\ソース ファイル</Filter>
    </ClCompile>
    <ClCompile Include="input.cpp">
      <Filter>Input\ソース ファイル</Filter>
    </ClCompile>
    <ClCompile Include="fade.cpp">
      <Filter>main\system\ソース ファイル</Filter>
    </ClCompile>
    <ClCompile Include="sound.cpp">
      <Filter>main\system\ソース ファイル</Filter>
    </ClCompile>
    <ClCompile Include="effect.cpp">
      <Filter>scene\polygon\ソースファイル</Filter>
    </ClCompile>
    <ClCompile Include="number.cpp">
      <Filter>scene\polygon\ソースファイル</Filter>
    </ClCompile>
    <ClCompile Include="player.cpp">
      <Filter>game\GameScene\Character</Filter>
    </ClCompile>
    <ClCompile Include="move.cpp">
      <Filter>game\GameScene\effect</Filter>
    </ClCompile>
    <ClCompile Include="particle.cpp">
      <Filter>game\GameScene\effect</Filter>
    </ClCompile>
    <ClCompile Include="time.cpp">
      <Filter>game\GameScene\Number</Filter>
    </ClCompile>
    <ClCompile Include="collision.cpp">
      <Filter>game\GameScene\effect</Filter>
    </ClCompile>
    <ClCompile Include="camera.cpp">
      <Filter>main\system\ソース ファイル</Filter>
    </ClCompile>
    <ClCompile Include="light.cpp">
      <Filter>main\system\ソース ファイル</Filter>
    </ClCompile>
    <ClCompile Include="imgui\imgui.cpp">
      <Filter>imgui\外部からのファイル</Filter>
    </ClCompile>
    <ClCompile Include="imgui\imgui_demo.cpp">
      <Filter>imgui\外部からのファイル</Filter>
    </ClCompile>
    <ClCompile Include="imgui\imgui_draw.cpp">
      <Filter>imgui\外部からのファイル</Filter>
    </ClCompile>
    <ClCompile Include="imgui\imgui_impl_dx9.cpp">
      <Filter>imgui\外部からのファイル</Filter>
    </ClCompile>
    <ClCompile Include="imgui\imgui_impl_win32.cpp">
      <Filter>imgui\外部からのファイル</Filter>
    </ClCompile>
    <ClCompile Include="imgui\imgui_ja_gryph_ranges.cpp">
      <Filter>imgui\外部からのファイル</Filter>
    </ClCompile>
    <ClCompile Include="imgui\imgui_widgets.cpp">
      <Filter>imgui\外部からのファイル</Filter>
    </ClCompile>
    <ClCompile Include="imguimanager.cpp">
      <Filter>imgui</Filter>
    </ClCompile>
    <ClCompile Include="result.cpp">
      <Filter>mode</Filter>
    </ClCompile>
    <ClCompile Include="title.cpp">
      <Filter>mode</Filter>
    </ClCompile>
    <ClCompile Include="tutorial.cpp">
      <Filter>mode</Filter>
    </ClCompile>
    <ClCompile Include="game.cpp">
      <Filter>game</Filter>
    </ClCompile>
    <ClCompile Include="mesh2D.cpp">
      <Filter>scene\polygon\ソースファイル</Filter>
    </ClCompile>
    <ClCompile Include="mesh3D.cpp">
      <Filter>scene\polygon\ソースファイル</Filter>
    </ClCompile>
    <ClCompile Include="scene2D.cpp">
      <Filter>scene\polygon\ソースファイル</Filter>
    </ClCompile>
    <ClCompile Include="scene.cpp">
      <Filter>scene</Filter>
    </ClCompile>
    <ClCompile Include="main.cpp">
      <Filter>main</Filter>
    </ClCompile>
  </ItemGroup>
  <ItemGroup>
    <ClInclude Include="renderer.h">
      <Filter>main\system\ヘッダー ファイル</Filter>
    </ClInclude>
    <ClInclude Include="manager.h">
      <Filter>main\system\ヘッダー ファイル</Filter>
    </ClInclude>
    <ClInclude Include="keyinput.h">
      <Filter>Input\ヘッダー ファイル</Filter>
    </ClInclude>
    <ClInclude Include="Xinput.h">
      <Filter>Input\ヘッダー ファイル</Filter>
    </ClInclude>
    <ClInclude Include="Dinput.h">
      <Filter>Input\ヘッダー ファイル</Filter>
    </ClInclude>
    <ClInclude Include="input.h">
      <Filter>Input\ヘッダー ファイル</Filter>
    </ClInclude>
    <ClInclude Include="fade.h">
      <Filter>main\system\ヘッダー ファイル</Filter>
    </ClInclude>
    <ClInclude Include="sound.h">
      <Filter>main\system\ヘッダー ファイル</Filter>
    </ClInclude>
    <ClInclude Include="effect.h">
      <Filter>scene\polygon\ヘッダーファイル</Filter>
    </ClInclude>
    <ClInclude Include="number.h">
      <Filter>scene\polygon\ヘッダーファイル</Filter>
    </ClInclude>
    <ClInclude Include="player.h">
      <Filter>game\GameScene\Character</Filter>
    </ClInclude>
    <ClInclude Include="move.h">
      <Filter>game\GameScene\effect</Filter>
    </ClInclude>
    <ClInclude Include="particle.h">
      <Filter>game\GameScene\effect</Filter>
    </ClInclude>
    <ClInclude Include="time.h">
      <Filter>game\GameScene\Number</Filter>
    </ClInclude>
    <ClInclude Include="collision.h">
      <Filter>game\GameScene\effect</Filter>
    </ClInclude>
    <ClInclude Include="camera.h">
      <Filter>main\system\ヘッダー ファイル</Filter>
    </ClInclude>
    <ClInclude Include="light.h">
      <Filter>main\system\ヘッダー ファイル</Filter>
    </ClInclude>
    <ClInclude Include="imgui\imconfig.h">
      <Filter>imgui\外部からのファイル</Filter>
    </ClInclude>
    <ClInclude Include="imgui\imgui.h">
      <Filter>imgui\外部からのファイル</Filter>
    </ClInclude>
    <ClInclude Include="imgui\imgui_impl_dx9.h">
      <Filter>imgui\外部からのファイル</Filter>
    </ClInclude>
    <ClInclude Include="imgui\imgui_impl_win32.h">
      <Filter>imgui\外部からのファイル</Filter>
    </ClInclude>
    <ClInclude Include="imgui\imgui_internal.h">
      <Filter>imgui\外部からのファイル</Filter>
    </ClInclude>
    <ClInclude Include="imgui_ja_gryph_ranges.h">
      <Filter>imgui\外部からのファイル</Filter>
    </ClInclude>
    <ClInclude Include="imgui\imstb_rectpack.h">
      <Filter>imgui\外部からのファイル</Filter>
    </ClInclude>
    <ClInclude Include="imgui\imstb_textedit.h">
      <Filter>imgui\外部からのファイル</Filter>
    </ClInclude>
    <ClInclude Include="imgui\imstb_truetype.h">
      <Filter>imgui\外部からのファイル</Filter>
    </ClInclude>
    <ClInclude Include="imguimanager.h">
      <Filter>imgui</Filter>
    </ClInclude>
    <ClInclude Include="tutorial.h">
      <Filter>mode</Filter>
    </ClInclude>
    <ClInclude Include="title.h">
      <Filter>mode</Filter>
    </ClInclude>
    <ClInclude Include="result.h">
      <Filter>mode</Filter>
    </ClInclude>
    <ClInclude Include="game.h">
      <Filter>game</Filter>
    </ClInclude>
    <ClInclude Include="scene2D.h">
      <Filter>scene\polygon\ヘッダーファイル</Filter>
    </ClInclude>
    <ClInclude Include="scene.h">
      <Filter>scene</Filter>
    </ClInclude>
    <ClInclude Include="mesh3D.h">
      <Filter>scene\polygon\ヘッダーファイル</Filter>
    </ClInclude>
    <ClInclude Include="mesh2D.h">
      <Filter>scene\polygon\ヘッダーファイル</Filter>
    </ClInclude>
    <ClInclude Include="main.h">
      <Filter>main</Filter>
    </ClInclude>
    <ClInclude Include="TextureScene.h">
      <Filter>imgui</Filter>
    </ClInclude>
  </ItemGroup>
</Project>